
Microsoft Visual Studio Solution File, Format Version 12.00
# Visual Studio Version 17
VisualStudioVersion = 17.0.31903.59
MinimumVisualStudioVersion = 10.0.40219.1
Project("{FAE04EC0-301F-11D3-BF4B-00C04F79EFBC}") = "PlayerManager3", "PlayerManager3\PlayerManager3.csproj", "{3C7A64AF-FB9B-4631-A588-95069F100A06}"
EndProject
Project("{FAE04EC0-301F-11D3-BF4B-00C04F79EFBC}") = "PlayerManager4", "PlayerManager4\PlayerManager4.csproj", "{6D96DE0B-A1F4-48C9-9486-71A39E63B994}"
EndProject
Project("{FAE04EC0-301F-11D3-BF4B-00C04F79EFBC}") = "StringCollections", "StringCollections\StringCollections.csproj", "{62AF1DD7-F3B2-4614-9031-D47E65915EB5}"
EndProject
Project("{FAE04EC0-301F-11D3-BF4B-00C04F79EFBC}") = "SamePlayer", "SamePlayer\SamePlayer.csproj", "{9D1099C6-C655-4664-85EF-EABEB24FD98D}"
EndProject
Global
	GlobalSection(SolutionConfigurationPlatforms) = preSolution
		Debug|Any CPU = Debug|Any CPU
		Release|Any CPU = Release|Any CPU
	EndGlobalSection
	GlobalSection(SolutionProperties) = preSolution
		HideSolutionNode = FALSE
	EndGlobalSection
	GlobalSection(ProjectConfigurationPlatforms) = postSolution
		{3C7A64AF-FB9B-4631-A588-95069F100A06}.Debug|Any CPU.ActiveCfg = Debug|Any CPU
		{3C7A64AF-FB9B-4631-A588-95069F100A06}.Debug|Any CPU.Build.0 = Debug|Any CPU
		{3C7A64AF-FB9B-4631-A588-95069F100A06}.Release|Any CPU.ActiveCfg = Release|Any CPU
		{3C7A64AF-FB9B-4631-A588-95069F100A06}.Release|Any CPU.Build.0 = Release|Any CPU
		{6D96DE0B-A1F4-48C9-9486-71A39E63B994}.Debug|Any CPU.ActiveCfg = Debug|Any CPU
		{6D96DE0B-A1F4-48C9-9486-71A39E63B994}.Debug|Any CPU.Build.0 = Debug|Any CPU
		{6D96DE0B-A1F4-48C9-9486-71A39E63B994}.Release|Any CPU.ActiveCfg = Release|Any CPU
		{6D96DE0B-A1F4-48C9-9486-71A39E63B994}.Release|Any CPU.Build.0 = Release|Any CPU
		{62AF1DD7-F3B2-4614-9031-D47E65915EB5}.Debug|Any CPU.ActiveCfg = Debug|Any CPU
		{62AF1DD7-F3B2-4614-9031-D47E65915EB5}.Debug|Any CPU.Build.0 = Debug|Any CPU
		{62AF1DD7-F3B2-4614-9031-D47E65915EB5}.Release|Any CPU.ActiveCfg = Release|Any CPU
		{62AF1DD7-F3B2-4614-9031-D47E65915EB5}.Release|Any CPU.Build.0 = Release|Any CPU
		{9D1099C6-C655-4664-85EF-EABEB24FD98D}.Debug|Any CPU.ActiveCfg = Debug|Any CPU
		{9D1099C6-C655-4664-85EF-EABEB24FD98D}.Debug|Any CPU.Build.0 = Debug|Any CPU
		{9D1099C6-C655-4664-85EF-EABEB24FD98D}.Release|Any CPU.ActiveCfg = Release|Any CPU
		{9D1099C6-C655-4664-85EF-EABEB24FD98D}.Release|Any CPU.Build.0 = Release|Any CPU
	EndGlobalSection
EndGlobal
